
Microsoft Visual Studio Solution File, Format Version 12.00
# Visual Studio Version 17
VisualStudioVersion = 17.6.33829.357
MinimumVisualStudioVersion = 10.0.40219.1
Project("{FAE04EC0-301F-11D3-BF4B-00C04F79EFBC}") = "Baitap_3.1", "Baitap_3.1\Baitap_3.1.csproj", "{E3729028-DBB0-47D7-A86D-B05B37A230B9}"
EndProject
Project("{FAE04EC0-301F-11D3-BF4B-00C04F79EFBC}") = "Baitap_3.2", "Baitap_3.2\Baitap_3.2.csproj", "{74D6D4A2-141B-4BA6-866D-BE7318B7DB34}"
EndProject
Project("{FAE04EC0-301F-11D3-BF4B-00C04F79EFBC}") = "Baitap_3.3", "Baitap_3.3\Baitap_3.3.csproj", "{363366C7-2ACB-4756-97C8-9E389206B946}"
EndProject
Project("{FAE04EC0-301F-11D3-BF4B-00C04F79EFBC}") = "Baitap_3.4", "Baitap_3.4\Baitap_3.4.csproj", "{723DEABD-8211-4FE4-9574-6E4902C76836}"
EndProject
Project("{FAE04EC0-301F-11D3-BF4B-00C04F79EFBC}") = "Baitap_3.5", "Baitap_3.5\Baitap_3.5.csproj", "{F2E0AA2E-9704-4848-85C7-F0C1AEC24329}"
EndProject
Project("{FAE04EC0-301F-11D3-BF4B-00C04F79EFBC}") = "Baitap_3.6", "Baitap_3.6\Baitap_3.6.csproj", "{7231D06C-7621-4BBC-8800-8BE635DB1AE4}"
EndProject
Project("{FAE04EC0-301F-11D3-BF4B-00C04F79EFBC}") = "Baitap_3.7", "Baitap_3.7\Baitap_3.7.csproj", "{EE8CA0DF-8777-4080-B2CB-4F9CE506DAB6}"
EndProject
Global
	GlobalSection(SolutionConfigurationPlatforms) = preSolution
		Debug|Any CPU = Debug|Any CPU
		Release|Any CPU = Release|Any CPU
	EndGlobalSection
	GlobalSection(ProjectConfigurationPlatforms) = postSolution
		{E3729028-DBB0-47D7-A86D-B05B37A230B9}.Debug|Any CPU.ActiveCfg = Debug|Any CPU
		{E3729028-DBB0-47D7-A86D-B05B37A230B9}.Debug|Any CPU.Build.0 = Debug|Any CPU
		{E3729028-DBB0-47D7-A86D-B05B37A230B9}.Release|Any CPU.ActiveCfg = Release|Any CPU
		{E3729028-DBB0-47D7-A86D-B05B37A230B9}.Release|Any CPU.Build.0 = Release|Any CPU
		{74D6D4A2-141B-4BA6-866D-BE7318B7DB34}.Debug|Any CPU.ActiveCfg = Debug|Any CPU
		{74D6D4A2-141B-4BA6-866D-BE7318B7DB34}.Debug|Any CPU.Build.0 = Debug|Any CPU
		{74D6D4A2-141B-4BA6-866D-BE7318B7DB34}.Release|Any CPU.ActiveCfg = Release|Any CPU
		{74D6D4A2-141B-4BA6-866D-BE7318B7DB34}.Release|Any CPU.Build.0 = Release|Any CPU
		{363366C7-2ACB-4756-97C8-9E389206B946}.Debug|Any CPU.ActiveCfg = Debug|Any CPU
		{363366C7-2ACB-4756-97C8-9E389206B946}.Debug|Any CPU.Build.0 = Debug|Any CPU
		{363366C7-2ACB-4756-97C8-9E389206B946}.Release|Any CPU.ActiveCfg = Release|Any CPU
		{363366C7-2ACB-4756-97C8-9E389206B946}.Release|Any CPU.Build.0 = Release|Any CPU
		{723DEABD-8211-4FE4-9574-6E4902C76836}.Debug|Any CPU.ActiveCfg = Debug|Any CPU
		{723DEABD-8211-4FE4-9574-6E4902C76836}.Debug|Any CPU.Build.0 = Debug|Any CPU
		{723DEABD-8211-4FE4-9574-6E4902C76836}.Release|Any CPU.ActiveCfg = Release|Any CPU
		{723DEABD-8211-4FE4-9574-6E4902C76836}.Release|Any CPU.Build.0 = Release|Any CPU
		{F2E0AA2E-9704-4848-85C7-F0C1AEC24329}.Debug|Any CPU.ActiveCfg = Debug|Any CPU
		{F2E0AA2E-9704-4848-85C7-F0C1AEC24329}.Debug|Any CPU.Build.0 = Debug|Any CPU
		{F2E0AA2E-9704-4848-85C7-F0C1AEC24329}.Release|Any CPU.ActiveCfg = Release|Any CPU
		{F2E0AA2E-9704-4848-85C7-F0C1AEC24329}.Release|Any CPU.Build.0 = Release|Any CPU
		{7231D06C-7621-4BBC-8800-8BE635DB1AE4}.Debug|Any CPU.ActiveCfg = Debug|Any CPU
		{7231D06C-7621-4BBC-8800-8BE635DB1AE4}.Debug|Any CPU.Build.0 = Debug|Any CPU
		{7231D06C-7621-4BBC-8800-8BE635DB1AE4}.Release|Any CPU.ActiveCfg = Release|Any CPU
		{7231D06C-7621-4BBC-8800-8BE635DB1AE4}.Release|Any CPU.Build.0 = Release|Any CPU
		{EE8CA0DF-8777-4080-B2CB-4F9CE506DAB6}.Debug|Any CPU.ActiveCfg = Debug|Any CPU
		{EE8CA0DF-8777-4080-B2CB-4F9CE506DAB6}.Debug|Any CPU.Build.0 = Debug|Any CPU
		{EE8CA0DF-8777-4080-B2CB-4F9CE506DAB6}.Release|Any CPU.ActiveCfg = Release|Any CPU
		{EE8CA0DF-8777-4080-B2CB-4F9CE506DAB6}.Release|Any CPU.Build.0 = Release|Any CPU
	EndGlobalSection
	GlobalSection(SolutionProperties) = preSolution
		HideSolutionNode = FALSE
	EndGlobalSection
	GlobalSection(ExtensibilityGlobals) = postSolution
		SolutionGuid = {DDE42936-2FBF-4F01-8BBC-21DD2BD85EB3}
	EndGlobalSection
EndGlobal
